
Microsoft Visual Studio Solution File, Format Version 11.00
# Visual Studio 2010
Project("{8BC9CEB8-8B4A-11D0-8D11-00A0C91BC942}") = "Example18", "Example18\Example18.vcxproj", "{F78AAA0E-E490-4724-B89C-20B19060053F}"
EndProject
Global
	GlobalSection(SolutionConfigurationPlatforms) = preSolution
		Debug|Win32 = Debug|Win32
		Release|Win32 = Release|Win32
	EndGlobalSection
	GlobalSection(ProjectConfigurationPlatforms) = postSolution
		{F78AAA0E-E490-4724-B89C-20B19060053F}.Debug|Win32.ActiveCfg = Debug|Win32
		{F78AAA0E-E490-4724-B89C-20B19060053F}.Debug|Win32.Build.0 = Debug|Win32
		{F78AAA0E-E490-4724-B89C-20B19060053F}.Release|Win32.ActiveCfg = Release|Win32
		{F78AAA0E-E490-4724-B89C-20B19060053F}.Release|Win32.Build.0 = Release|Win32
	EndGlobalSection
	GlobalSection(SolutionProperties) = preSolution
		HideSolutionNode = FALSE
	EndGlobalSection
EndGlobal
